
Microsoft Visual Studio Solution File, Format Version 12.00
# Visual Studio Version 16
VisualStudioVersion = 16.0.29905.134
MinimumVisualStudioVersion = 10.0.40219.1
Project("{FAE04EC0-301F-11D3-BF4B-00C04F79EFBC}") = "Practice1", "Practice1\Practice1.csproj", "{B318CBF5-120E-45FF-ACE9-697855AE9AE4}"
EndProject
Global
	GlobalSection(SolutionConfigurationPlatforms) = preSolution
		Debug|Any CPU = Debug|Any CPU
		Release|Any CPU = Release|Any CPU
	EndGlobalSection
	GlobalSection(ProjectConfigurationPlatforms) = postSolution
		{B318CBF5-120E-45FF-ACE9-697855AE9AE4}.Debug|Any CPU.ActiveCfg = Debug|Any CPU
		{B318CBF5-120E-45FF-ACE9-697855AE9AE4}.Debug|Any CPU.Build.0 = Debug|Any CPU
		{B318CBF5-120E-45FF-ACE9-697855AE9AE4}.Release|Any CPU.ActiveCfg = Release|Any CPU
		{B318CBF5-120E-45FF-ACE9-697855AE9AE4}.Release|Any CPU.Build.0 = Release|Any CPU
	EndGlobalSection
	GlobalSection(SolutionProperties) = preSolution
		HideSolutionNode = FALSE
	EndGlobalSection
	GlobalSection(ExtensibilityGlobals) = postSolution
		SolutionGuid = {919DA76D-47AD-4432-87C0-5ADE5700D0BA}
	EndGlobalSection
EndGlobal
